
Microsoft Visual Studio Solution File, Format Version 12.00
# Visual Studio 2015
Project("{FAE04EC0-301F-11D3-BF4B-00C04F79EFBC}") = "Minimal-Game.CSharp", "Minimal-Game.CSharp.csproj", "{06C68F44-BDF4-40BF-84FD-EEF40444BFF8}"
EndProject
Project("{FAE04EC0-301F-11D3-BF4B-00C04F79EFBC}") = "Minimal-Game.CSharp.Editor", "Minimal-Game.CSharp.Editor.csproj", "{465FDBE8-8A9E-6F53-6A4B-0EABEF2B37AB}"
EndProject
Global
	GlobalSection(SolutionConfigurationPlatforms) = preSolution
		Debug|Any CPU = Debug|Any CPU
		Release|Any CPU = Release|Any CPU
	EndGlobalSection
	GlobalSection(ProjectConfigurationPlatforms) = postSolution
		{06C68F44-BDF4-40BF-84FD-EEF40444BFF8}.Debug|Any CPU.ActiveCfg = Debug|Any CPU
		{06C68F44-BDF4-40BF-84FD-EEF40444BFF8}.Debug|Any CPU.Build.0 = Debug|Any CPU
		{06C68F44-BDF4-40BF-84FD-EEF40444BFF8}.Release|Any CPU.ActiveCfg = Release|Any CPU
		{06C68F44-BDF4-40BF-84FD-EEF40444BFF8}.Release|Any CPU.Build.0 = Release|Any CPU
		{465FDBE8-8A9E-6F53-6A4B-0EABEF2B37AB}.Debug|Any CPU.ActiveCfg = Debug|Any CPU
		{465FDBE8-8A9E-6F53-6A4B-0EABEF2B37AB}.Debug|Any CPU.Build.0 = Debug|Any CPU
		{465FDBE8-8A9E-6F53-6A4B-0EABEF2B37AB}.Release|Any CPU.ActiveCfg = Release|Any CPU
		{465FDBE8-8A9E-6F53-6A4B-0EABEF2B37AB}.Release|Any CPU.Build.0 = Release|Any CPU
	EndGlobalSection
	GlobalSection(SolutionProperties) = preSolution
		HideSolutionNode = FALSE
	EndGlobalSection
EndGlobal
